// !$*UTF8*$!
{
	archiveVersion = 1;
	classes = {
	};
	objectVersion = 46;
	objects = {

/* Begin PBXBuildFile section */
		B9044F931AB162D4008C12A2 /* AppDelegate.m in Sources */ = {isa = PBXBuildFile; fileRef = B9044F921AB162D4008C12A2 /* AppDelegate.m */; };
		B9044F951AB162D4008C12A2 /* main.m in Sources */ = {isa = PBXBuildFile; fileRef = B9044F941AB162D4008C12A2 /* main.m */; };
		B9044F971AB162D4008C12A2 /* Images.xcassets in Resources */ = {isa = PBXBuildFile; fileRef = B9044F961AB162D4008C12A2 /* Images.xcassets */; };
		B9044F9A1AB162D4008C12A2 /* MainMenu.xib in Resources */ = {isa = PBXBuildFile; fileRef = B9044F981AB162D4008C12A2 /* MainMenu.xib */; };
		B9044FA61AB162D4008C12A2 /* WindowLevelTests.m in Sources */ = {isa = PBXBuildFile; fileRef = B9044FA51AB162D4008C12A2 /* WindowLevelTests.m */; };
/* End PBXBuildFile section */

/* Begin PBXContainerItemProxy section */
		B9044FA01AB162D4008C12A2 /* PBXContainerItemProxy */ = {
			isa = PBXContainerItemProxy;
			containerPortal = B9044F841AB162D4008C12A2 /* Project object */;
			proxyType = 1;
			remoteGlobalIDString = B9044F8B1AB162D4008C12A2;
			remoteInfo = WindowLevel;
		};
/* End PBXContainerItemProxy section */

/* Begin PBXFileReference section */
		B9044F8C1AB162D4008C12A2 /* WindowLevel.app */ = {isa = PBXFileReference; explicitFileType = wrapper.application; includeInIndex = 0; path = WindowLevel.app; sourceTree = BUILT_PRODUCTS_DIR; };
		B9044F901AB162D4008C12A2 /* Info.plist */ = {isa = PBXFileReference; lastKnownFileType = text.plist.xml; path = Info.plist; sourceTree = "<group>"; };
		B9044F911AB162D4008C12A2 /* AppDelegate.h */ = {isa = PBXFileReference; lastKnownFileType = sourcecode.c.h; path = AppDelegate.h; sourceTree = "<group>"; };
		B9044F921AB162D4008C12A2 /* AppDelegate.m */ = {isa = PBXFileReference; lastKnownFileType = sourcecode.c.objc; path = AppDelegate.m; sourceTree = "<group>"; };
		B9044F941AB162D4008C12A2 /* main.m */ = {isa = PBXFileReference; lastKnownFileType = sourcecode.c.objc; path = main.m; sourceTree = "<group>"; };
		B9044F961AB162D4008C12A2 /* Images.xcassets */ = {isa = PBXFileReference; lastKnownFileType = folder.assetcatalog; path = Images.xcassets; sourceTree = "<group>"; };
		B9044F991AB162D4008C12A2 /* Base */ = {isa = PBXFileReference; lastKnownFileType = file.xib; name = Base; path = Base.lproj/MainMenu.xib; sourceTree = "<group>"; };
		B9044F9F1AB162D4008C12A2 /* WindowLevelTests.xctest */ = {isa = PBXFileReference; explicitFileType = wrapper.cfbundle; includeInIndex = 0; path = WindowLevelTests.xctest; sourceTree = BUILT_PRODUCTS_DIR; };
		B9044FA41AB162D4008C12A2 /* Info.plist */ = {isa = PBXFileReference; lastKnownFileType = text.plist.xml; path = Info.plist; sourceTree = "<group>"; };
		B9044FA51AB162D4008C12A2 /* WindowLevelTests.m */ = {isa = PBXFileReference; lastKnownFileType = sourcecode.c.objc; path = WindowLevelTests.m; sourceTree = "<group>"; };
/* End PBXFileReference section */

/* Begin PBXFrameworksBuildPhase section */
		B9044F891AB162D4008C12A2 /* Frameworks */ = {
			isa = PBXFrameworksBuildPhase;
			buildActionMask = 2147483647;
			files = (
			);
			runOnlyForDeploymentPostprocessing = 0;
		};
		B9044F9C1AB162D4008C12A2 /* Frameworks */ = {
			isa = PBXFrameworksBuildPhase;
			buildActionMask = 2147483647;
			files = (
			);
			runOnlyForDeploymentPostprocessing = 0;
		};
/* End PBXFrameworksBuildPhase section */

/* Begin PBXGroup section */
		B9044F831AB162D3008C12A2 = {
			isa = PBXGroup;
			children = (
				B9044F8E1AB162D4008C12A2 /* WindowLevel */,
				B9044FA21AB162D4008C12A2 /* WindowLevelTests */,
				B9044F8D1AB162D4008C12A2 /* Products */,
			);
			sourceTree = "<group>";
		};
		B9044F8D1AB162D4008C12A2 /* Products */ = {
			isa = PBXGroup;
			children = (
				B9044F8C1AB162D4008C12A2 /* WindowLevel.app */,
				B9044F9F1AB162D4008C12A2 /* WindowLevelTests.xctest */,
			);
			name = Products;
			sourceTree = "<group>";
		};
		B9044F8E1AB162D4008C12A2 /* WindowLevel */ = {
			isa = PBXGroup;
			children = (
				B9044F911AB162D4008C12A2 /* AppDelegate.h */,
				B9044F921AB162D4008C12A2 /* AppDelegate.m */,
				B9044F961AB162D4008C12A2 /* Images.xcassets */,
				B9044F981AB162D4008C12A2 /* MainMenu.xib */,
				B9044F8F1AB162D4008C12A2 /* Supporting Files */,
			);
			path = WindowLevel;
			sourceTree = "<group>";
		};
		B9044F8F1AB162D4008C12A2 /* Supporting Files */ = {
			isa = PBXGroup;
			children = (
				B9044F901AB162D4008C12A2 /* Info.plist */,
				B9044F941AB162D4008C12A2 /* main.m */,
			);
			name = "Supporting Files";
			sourceTree = "<group>";
		};
		B9044FA21AB162D4008C12A2 /* WindowLevelTests */ = {
			isa = PBXGroup;
			children = (
				B9044FA51AB162D4008C12A2 /* WindowLevelTests.m */,
				B9044FA31AB162D4008C12A2 /* Supporting Files */,
			);
			path = WindowLevelTests;
			sourceTree = "<group>";
		};
		B9044FA31AB162D4008C12A2 /* Supporting Files */ = {
			isa = PBXGroup;
			children = (
				B9044FA41AB162D4008C12A2 /* Info.plist */,
			);
			name = "Supporting Files";
			sourceTree = "<group>";
		};
/* End PBXGroup section */

/* Begin PBXNativeTarget section */
		B9044F8B1AB162D4008C12A2 /* WindowLevel */ = {
			isa = PBXNativeTarget;
			buildConfigurationList = B9044FA91AB162D4008C12A2 /* Build configuration list for PBXNativeTarget "WindowLevel" */;
			buildPhases = (
				B9044F881AB162D4008C12A2 /* Sources */,
				B9044F891AB162D4008C12A2 /* Frameworks */,
				B9044F8A1AB162D4008C12A2 /* Resources */,
			);
			buildRules = (
			);
			dependencies = (
			);
			name = WindowLevel;
			productName = WindowLevel;
			productReference = B9044F8C1AB162D4008C12A2 /* WindowLevel.app */;
			productType = "com.apple.product-type.application";
		};
		B9044F9E1AB162D4008C12A2 /* WindowLevelTests */ = {
			isa = PBXNativeTarget;
			buildConfigurationList = B9044FAC1AB162D4008C12A2 /* Build configuration list for PBXNativeTarget "WindowLevelTests" */;
			buildPhases = (
				B9044F9B1AB162D4008C12A2 /* Sources */,
				B9044F9C1AB162D4008C12A2 /* Frameworks */,
				B9044F9D1AB162D4008C12A2 /* Resources */,
			);
			buildRules = (
			);
			dependencies = (
				B9044FA11AB162D4008C12A2 /* PBXTargetDependency */,
			);
			name = WindowLevelTests;
			productName = WindowLevelTests;
			productReference = B9044F9F1AB162D4008C12A2 /* WindowLevelTests.xctest */;
			productType = "com.apple.product-type.bundle.unit-test";
		};
/* End PBXNativeTarget section */

/* Begin PBXProject section */
		B9044F841AB162D4008C12A2 /* Project object */ = {
			isa = PBXProject;
			attributes = {
				LastUpgradeCheck = 0620;
				ORGANIZATIONNAME = "Saori Kohno";
				TargetAttributes = {
					B9044F8B1AB162D4008C12A2 = {
						CreatedOnToolsVersion = 6.2;
					};
					B9044F9E1AB162D4008C12A2 = {
						CreatedOnToolsVersion = 6.2;
						TestTargetID = B9044F8B1AB162D4008C12A2;
					};
				};
			};
			buildConfigurationList = B9044F871AB162D4008C12A2 /* Build configuration list for PBXProject "WindowLevel" */;
			compatibilityVersion = "Xcode 3.2";
			developmentRegion = English;
			hasScannedForEncodings = 0;
			knownRegions = (
				en,
				Base,
			);
			mainGroup = B9044F831AB162D3008C12A2;
			productRefGroup = B9044F8D1AB162D4008C12A2 /* Products */;
			projectDirPath = "";
			projectRoot = "";
			targets = (
				B9044F8B1AB162D4008C12A2 /* WindowLevel */,
				B9044F9E1AB162D4008C12A2 /* WindowLevelTests */,
			);
		};
/* End PBXProject section */

/* Begin PBXResourcesBuildPhase section */
		B9044F8A1AB162D4008C12A2 /* Resources */ = {
			isa = PBXResourcesBuildPhase;
			buildActionMask = 2147483647;
			files = (
				B9044F971AB162D4008C12A2 /* Images.xcassets in Resources */,
				B9044F9A1AB162D4008C12A2 /* MainMenu.xib in Resources */,
			);
			runOnlyForDeploymentPostprocessing = 0;
		};
		B9044F9D1AB162D4008C12A2 /* Resources */ = {
			isa = PBXResourcesBuildPhase;
			buildActionMask = 2147483647;
			files = (
			);
			runOnlyForDeploymentPostprocessing = 0;
		};
/* End PBXResourcesBuildPhase section */

/* Begin PBXSourcesBuildPhase section */
		B9044F881AB162D4008C12A2 /* Sources */ = {
			isa = PBXSourcesBuildPhase;
			buildActionMask = 2147483647;
			files = (
				B9044F951AB162D4008C12A2 /* main.m in Sources */,
				B9044F931AB162D4008C12A2 /* AppDelegate.m in Sources */,
			);
			runOnlyForDeploymentPostprocessing = 0;
		};
		B9044F9B1AB162D4008C12A2 /* Sources */ = {
			isa = PBXSourcesBuildPhase;
			buildActionMask = 2147483647;
			files = (
				B9044FA61AB162D4008C12A2 /* WindowLevelTests.m in Sources */,
			);
			runOnlyForDeploymentPostprocessing = 0;
		};
/* End PBXSourcesBuildPhase section */

/* Begin PBXTargetDependency section */
		B9044FA11AB162D4008C12A2 /* PBXTargetDependency */ = {
			isa = PBXTargetDependency;
			target = B9044F8B1AB162D4008C12A2 /* WindowLevel */;
			targetProxy = B9044FA01AB162D4008C12A2 /* PBXContainerItemProxy */;
		};
/* End PBXTargetDependency section */

/* Begin PBXVariantGroup section */
		B9044F981AB162D4008C12A2 /* MainMenu.xib */ = {
			isa = PBXVariantGroup;
			children = (
				B9044F991AB162D4008C12A2 /* Base */,
			);
			name = MainMenu.xib;
			sourceTree = "<group>";
		};
/* End PBXVariantGroup section */

/* Begin XCBuildConfiguration section */
		B9044FA71AB162D4008C12A2 /* Debug */ = {
			isa = XCBuildConfiguration;
			buildSettings = {
				ALWAYS_SEARCH_USER_PATHS = NO;
				CLANG_CXX_LANGUAGE_STANDARD = "gnu++0x";
				CLANG_CXX_LIBRARY = "libc++";
				CLANG_ENABLE_MODULES = YES;
				CLANG_ENABLE_OBJC_ARC = YES;
				CLANG_WARN_BOOL_CONVERSION = YES;
				CLANG_WARN_CONSTANT_CONVERSION = YES;
				CLANG_WARN_DIRECT_OBJC_ISA_USAGE = YES_ERROR;
				CLANG_WARN_EMPTY_BODY = YES;
				CLANG_WARN_ENUM_CONVERSION = YES;
				CLANG_WARN_INT_CONVERSION = YES;
				CLANG_WARN_OBJC_ROOT_CLASS = YES_ERROR;
				CLANG_WARN_UNREACHABLE_CODE = YES;
				CLANG_WARN__DUPLICATE_METHOD_MATCH = YES;
				CODE_SIGN_IDENTITY = "-";
				COPY_PHASE_STRIP = NO;
				ENABLE_STRICT_OBJC_MSGSEND = YES;
				GCC_C_LANGUAGE_STANDARD = gnu99;
				GCC_DYNAMIC_NO_PIC = NO;
				GCC_OPTIMIZATION_LEVEL = 0;
				GCC_PREPROCESSOR_DEFINITIONS = (
					"DEBUG=1",
					"$(inherited)",
				);
				GCC_SYMBOLS_PRIVATE_EXTERN = NO;
				GCC_WARN_64_TO_32_BIT_CONVERSION = YES;
				GCC_WARN_ABOUT_RETURN_TYPE = YES_ERROR;
				GCC_WARN_UNDECLARED_SELECTOR = YES;
				GCC_WARN_UNINITIALIZED_AUTOS = YES_AGGRESSIVE;
				GCC_WARN_UNUSED_FUNCTION = YES;
				GCC_WARN_UNUSED_VARIABLE = YES;
				MACOSX_DEPLOYMENT_TARGET = 10.10;
				MTL_ENABLE_DEBUG_INFO = YES;
				ONLY_ACTIVE_ARCH = YES;
				SDKROOT = macosx;
			};
			name = Debug;
		};
		B9044FA81AB162D4008C12A2 /* Release */ = {
			isa = XCBuildConfiguration;
			buildSettings = {
				ALWAYS_SEARCH_USER_PATHS = NO;
				CLANG_CXX_LANGUAGE_STANDARD = "gnu++0x";
				CLANG_CXX_LIBRARY = "libc++";
				CLANG_ENABLE_MODULES = YES;
				CLANG_ENABLE_OBJC_ARC = YES;
				CLANG_WARN_BOOL_CONVERSION = YES;
				CLANG_WARN_CONSTANT_CONVERSION = YES;
				CLANG_WARN_DIRECT_OBJC_ISA_USAGE = YES_ERROR;
				CLANG_WARN_EMPTY_BODY = YES;
				CLANG_WARN_ENUM_CONVERSION = YES;
				CLANG_WARN_INT_CONVERSION = YES;
				CLANG_WARN_OBJC_ROOT_CLASS = YES_ERROR;
				CLANG_WARN_UNREACHABLE_CODE = YES;
				CLANG_WARN__DUPLICATE_METHOD_MATCH = YES;
				CODE_SIGN_IDENTITY = "-";
				COPY_PHASE_STRIP = NO;
				DEBUG_INFORMATION_FORMAT = "dwarf-with-dsym";
				ENABLE_NS_ASSERTIONS = NO;
				ENABLE_STRICT_OBJC_MSGSEND = YES;
				GCC_C_LANGUAGE_STANDARD = gnu99;
				GCC_WARN_64_TO_32_BIT_CONVERSION = YES;
				GCC_WARN_ABOUT_RETURN_TYPE = YES_ERROR;
				GCC_WARN_UNDECLARED_SELECTOR = YES;
				GCC_WARN_UNINITIALIZED_AUTOS = YES_AGGRESSIVE;
				GCC_WARN_UNUSED_FUNCTION = YES;
				GCC_WARN_UNUSED_VARIABLE = YES;
				MACOSX_DEPLOYMENT_TARGET = 10.10;
				MTL_ENABLE_DEBUG_INFO = NO;
				SDKROOT = macosx;
			};
			name = Release;
		};
		B9044FAA1AB162D4008C12A2 /* Debug */ = {
			isa = XCBuildConfiguration;
			buildSettings = {
				ASSETCATALOG_COMPILER_APPICON_NAME = AppIcon;
				COMBINE_HIDPI_IMAGES = YES;
				INFOPLIST_FILE = WindowLevel/Info.plist;
				LD_RUNPATH_SEARCH_PATHS = "$(inherited) @executable_path/../Frameworks";
				PRODUCT_NAME = "$(TARGET_NAME)";
			};
			name = Debug;
		};
		B9044FAB1AB162D4008C12A2 /* Release */ = {
			isa = XCBuildConfiguration;
			buildSettings = {
				ASSETCATALOG_COMPILER_APPICON_NAME = AppIcon;
				COMBINE_HIDPI_IMAGES = YES;
				INFOPLIST_FILE = WindowLevel/Info.plist;
				LD_RUNPATH_SEARCH_PATHS = "$(inherited) @executable_path/../Frameworks";
				PRODUCT_NAME = "$(TARGET_NAME)";
			};
			name = Release;
		};
		B9044FAD1AB162D4008C12A2 /* Debug */ = {
			isa = XCBuildConfiguration;
			buildSettings = {
				BUNDLE_LOADER = "$(TEST_HOST)";
				COMBINE_HIDPI_IMAGES = YES;
				FRAMEWORK_SEARCH_PATHS = (
					"$(DEVELOPER_FRAMEWORKS_DIR)",
					"$(inherited)",
				);
				GCC_PREPROCESSOR_DEFINITIONS = (
					"DEBUG=1",
					"$(inherited)",
				);
				INFOPLIST_FILE = WindowLevelTests/Info.plist;
				LD_RUNPATH_SEARCH_PATHS = "$(inherited) @executable_path/../Frameworks @loader_path/../Frameworks";
				PRODUCT_NAME = "$(TARGET_NAME)";
				TEST_HOST = "$(BUILT_PRODUCTS_DIR)/WindowLevel.app/Contents/MacOS/WindowLevel";
			};
			name = Debug;
		};
		B9044FAE1AB162D4008C12A2 /* Release */ = {
			isa = XCBuildConfiguration;
			buildSettings = {
				BUNDLE_LOADER = "$(TEST_HOST)";
				COMBINE_HIDPI_IMAGES = YES;
				FRAMEWORK_SEARCH_PATHS = (
					"$(DEVELOPER_FRAMEWORKS_DIR)",
					"$(inherited)",
				);
				INFOPLIST_FILE = WindowLevelTests/Info.plist;
				LD_RUNPATH_SEARCH_PATHS = "$(inherited) @executable_path/../Frameworks @loader_path/../Frameworks";
				PRODUCT_NAME = "$(TARGET_NAME)";
				TEST_HOST = "$(BUILT_PRODUCTS_DIR)/WindowLevel.app/Contents/MacOS/WindowLevel";
			};
			name = Release;
		};
/* End XCBuildConfiguration section */

/* Begin XCConfigurationList section */
		B9044F871AB162D4008C12A2 /* Build configuration list for PBXProject "WindowLevel" */ = {
			isa = XCConfigurationList;
			buildConfigurations = (
				B9044FA71AB162D4008C12A2 /* Debug */,
				B9044FA81AB162D4008C12A2 /* Release */,
			);
			defaultConfigurationIsVisible = 0;
			defaultConfigurationName = Release;
		};
		B9044FA91AB162D4008C12A2 /* Build configuration list for PBXNativeTarget "WindowLevel" */ = {
			isa = XCConfigurationList;
			buildConfigurations = (
				B9044FAA1AB162D4008C12A2 /* Debug */,
				B9044FAB1AB162D4008C12A2 /* Release */,
			);
			defaultConfigurationIsVisible = 0;
		};
		B9044FAC1AB162D4008C12A2 /* Build configuration list for PBXNativeTarget "WindowLevelTests" */ = {
			isa = XCConfigurationList;
			buildConfigurations = (
				B9044FAD1AB162D4008C12A2 /* Debug */,
				B9044FAE1AB162D4008C12A2 /* Release */,
			);
			defaultConfigurationIsVisible = 0;
		};
/* End XCConfigurationList section */
	};
	rootObject = B9044F841AB162D4008C12A2 /* Project object */;
}
